// !$*UTF8*$!
{
	archiveVersion = 1;
	classes = {
	};
	objectVersion = 46;
	objects = {

/* Begin PBXBuildFile section */
		2C8C4FA217AD452B0002B515 /* UIKit.framework in Frameworks */ = {isa = PBXBuildFile; fileRef = 2C8C4FA117AD452B0002B515 /* UIKit.framework */; };
		2C8C4FA417AD452B0002B515 /* Foundation.framework in Frameworks */ = {isa = PBXBuildFile; fileRef = 2C8C4FA317AD452B0002B515 /* Foundation.framework */; };
		2C8C4FA617AD452B0002B515 /* CoreGraphics.framework in Frameworks */ = {isa = PBXBuildFile; fileRef = 2C8C4FA517AD452B0002B515 /* CoreGraphics.framework */; };
		2C8C4FAC17AD452B0002B515 /* InfoPlist.strings in Resources */ = {isa = PBXBuildFile; fileRef = 2C8C4FAA17AD452B0002B515 /* InfoPlist.strings */; };
		2C8C4FAE17AD452B0002B515 /* main.m in Sources */ = {isa = PBXBuildFile; fileRef = 2C8C4FAD17AD452B0002B515 /* main.m */; };
		2C8C4FB217AD452B0002B515 /* FFAppDelegate.m in Sources */ = {isa = PBXBuildFile; fileRef = 2C8C4FB117AD452B0002B515 /* FFAppDelegate.m */; };
		2C8C4FB417AD452B0002B515 /* Default.png in Resources */ = {isa = PBXBuildFile; fileRef = 2C8C4FB317AD452B0002B515 /* Default.png */; };
		2C8C4FB617AD452B0002B515 /* Default@2x.png in Resources */ = {isa = PBXBuildFile; fileRef = 2C8C4FB517AD452B0002B515 /* Default@2x.png */; };
		2C8C4FB817AD452B0002B515 /* Default-568h@2x.png in Resources */ = {isa = PBXBuildFile; fileRef = 2C8C4FB717AD452B0002B515 /* Default-568h@2x.png */; };
		2C8C4FBB17AD452B0002B515 /* FFViewController.m in Sources */ = {isa = PBXBuildFile; fileRef = 2C8C4FBA17AD452B0002B515 /* FFViewController.m */; };
		2C8C4FBE17AD452B0002B515 /* FFViewController.xib in Resources */ = {isa = PBXBuildFile; fileRef = 2C8C4FBC17AD452B0002B515 /* FFViewController.xib */; };
		2C8C4FC517AD46EC0002B515 /* Empresas.plist in Resources */ = {isa = PBXBuildFile; fileRef = 2C8C4FC417AD46EC0002B515 /* Empresas.plist */; };
		2C8C4FC817AD47B80002B515 /* FFEmpresa.m in Sources */ = {isa = PBXBuildFile; fileRef = 2C8C4FC717AD47B80002B515 /* FFEmpresa.m */; };
/* End PBXBuildFile section */

/* Begin PBXFileReference section */
		2C8C4F9E17AD452B0002B515 /* CadEmpresaTableView.app */ = {isa = PBXFileReference; explicitFileType = wrapper.application; includeInIndex = 0; path = CadEmpresaTableView.app; sourceTree = BUILT_PRODUCTS_DIR; };
		2C8C4FA117AD452B0002B515 /* UIKit.framework */ = {isa = PBXFileReference; lastKnownFileType = wrapper.framework; name = UIKit.framework; path = System/Library/Frameworks/UIKit.framework; sourceTree = SDKROOT; };
		2C8C4FA317AD452B0002B515 /* Foundation.framework */ = {isa = PBXFileReference; lastKnownFileType = wrapper.framework; name = Foundation.framework; path = System/Library/Frameworks/Foundation.framework; sourceTree = SDKROOT; };
		2C8C4FA517AD452B0002B515 /* CoreGraphics.framework */ = {isa = PBXFileReference; lastKnownFileType = wrapper.framework; name = CoreGraphics.framework; path = System/Library/Frameworks/CoreGraphics.framework; sourceTree = SDKROOT; };
		2C8C4FA917AD452B0002B515 /* CadEmpresaTableView-Info.plist */ = {isa = PBXFileReference; lastKnownFileType = text.plist.xml; path = "CadEmpresaTableView-Info.plist"; sourceTree = "<group>"; };
		2C8C4FAB17AD452B0002B515 /* en */ = {isa = PBXFileReference; lastKnownFileType = text.plist.strings; name = en; path = en.lproj/InfoPlist.strings; sourceTree = "<group>"; };
		2C8C4FAD17AD452B0002B515 /* main.m */ = {isa = PBXFileReference; lastKnownFileType = sourcecode.c.objc; path = main.m; sourceTree = "<group>"; };
		2C8C4FAF17AD452B0002B515 /* CadEmpresaTableView-Prefix.pch */ = {isa = PBXFileReference; lastKnownFileType = sourcecode.c.h; path = "CadEmpresaTableView-Prefix.pch"; sourceTree = "<group>"; };
		2C8C4FB017AD452B0002B515 /* FFAppDelegate.h */ = {isa = PBXFileReference; lastKnownFileType = sourcecode.c.h; path = FFAppDelegate.h; sourceTree = "<group>"; };
		2C8C4FB117AD452B0002B515 /* FFAppDelegate.m */ = {isa = PBXFileReference; lastKnownFileType = sourcecode.c.objc; path = FFAppDelegate.m; sourceTree = "<group>"; };
		2C8C4FB317AD452B0002B515 /* Default.png */ = {isa = PBXFileReference; lastKnownFileType = image.png; path = Default.png; sourceTree = "<group>"; };
		2C8C4FB517AD452B0002B515 /* Default@2x.png */ = {isa = PBXFileReference; lastKnownFileType = image.png; path = "Default@2x.png"; sourceTree = "<group>"; };
		2C8C4FB717AD452B0002B515 /* Default-568h@2x.png */ = {isa = PBXFileReference; lastKnownFileType = image.png; path = "Default-568h@2x.png"; sourceTree = "<group>"; };
		2C8C4FB917AD452B0002B515 /* FFViewController.h */ = {isa = PBXFileReference; lastKnownFileType = sourcecode.c.h; path = FFViewController.h; sourceTree = "<group>"; };
		2C8C4FBA17AD452B0002B515 /* FFViewController.m */ = {isa = PBXFileReference; lastKnownFileType = sourcecode.c.objc; path = FFViewController.m; sourceTree = "<group>"; };
		2C8C4FBD17AD452B0002B515 /* en */ = {isa = PBXFileReference; lastKnownFileType = file.xib; name = en; path = en.lproj/FFViewController.xib; sourceTree = "<group>"; };
		2C8C4FC417AD46EC0002B515 /* Empresas.plist */ = {isa = PBXFileReference; fileEncoding = 4; lastKnownFileType = text.plist.xml; path = Empresas.plist; sourceTree = "<group>"; };
		2C8C4FC617AD47B80002B515 /* FFEmpresa.h */ = {isa = PBXFileReference; fileEncoding = 4; lastKnownFileType = sourcecode.c.h; path = FFEmpresa.h; sourceTree = "<group>"; };
		2C8C4FC717AD47B80002B515 /* FFEmpresa.m */ = {isa = PBXFileReference; fileEncoding = 4; lastKnownFileType = sourcecode.c.objc; path = FFEmpresa.m; sourceTree = "<group>"; };
/* End PBXFileReference section */

/* Begin PBXFrameworksBuildPhase section */
		2C8C4F9B17AD452B0002B515 /* Frameworks */ = {
			isa = PBXFrameworksBuildPhase;
			buildActionMask = 2147483647;
			files = (
				2C8C4FA217AD452B0002B515 /* UIKit.framework in Frameworks */,
				2C8C4FA417AD452B0002B515 /* Foundation.framework in Frameworks */,
				2C8C4FA617AD452B0002B515 /* CoreGraphics.framework in Frameworks */,
			);
			runOnlyForDeploymentPostprocessing = 0;
		};
/* End PBXFrameworksBuildPhase section */

/* Begin PBXGroup section */
		2C8C4F9517AD452B0002B515 = {
			isa = PBXGroup;
			children = (
				2C8C4FA717AD452B0002B515 /* CadEmpresaTableView */,
				2C8C4FA017AD452B0002B515 /* Frameworks */,
				2C8C4F9F17AD452B0002B515 /* Products */,
			);
			sourceTree = "<group>";
		};
		2C8C4F9F17AD452B0002B515 /* Products */ = {
			isa = PBXGroup;
			children = (
				2C8C4F9E17AD452B0002B515 /* CadEmpresaTableView.app */,
			);
			name = Products;
			sourceTree = "<group>";
		};
		2C8C4FA017AD452B0002B515 /* Frameworks */ = {
			isa = PBXGroup;
			children = (
				2C8C4FA117AD452B0002B515 /* UIKit.framework */,
				2C8C4FA317AD452B0002B515 /* Foundation.framework */,
				2C8C4FA517AD452B0002B515 /* CoreGraphics.framework */,
			);
			name = Frameworks;
			sourceTree = "<group>";
		};
		2C8C4FA717AD452B0002B515 /* CadEmpresaTableView */ = {
			isa = PBXGroup;
			children = (
				2C8C4FB017AD452B0002B515 /* FFAppDelegate.h */,
				2C8C4FB117AD452B0002B515 /* FFAppDelegate.m */,
				2C8C4FB917AD452B0002B515 /* FFViewController.h */,
				2C8C4FBA17AD452B0002B515 /* FFViewController.m */,
				2C8C4FBC17AD452B0002B515 /* FFViewController.xib */,
				2C8C4FC417AD46EC0002B515 /* Empresas.plist */,
				2C8C4FC617AD47B80002B515 /* FFEmpresa.h */,
				2C8C4FC717AD47B80002B515 /* FFEmpresa.m */,
				2C8C4FA817AD452B0002B515 /* Supporting Files */,
			);
			path = CadEmpresaTableView;
			sourceTree = "<group>";
		};
		2C8C4FA817AD452B0002B515 /* Supporting Files */ = {
			isa = PBXGroup;
			children = (
				2C8C4FA917AD452B0002B515 /* CadEmpresaTableView-Info.plist */,
				2C8C4FAA17AD452B0002B515 /* InfoPlist.strings */,
				2C8C4FAD17AD452B0002B515 /* main.m */,
				2C8C4FAF17AD452B0002B515 /* CadEmpresaTableView-Prefix.pch */,
				2C8C4FB317AD452B0002B515 /* Default.png */,
				2C8C4FB517AD452B0002B515 /* Default@2x.png */,
				2C8C4FB717AD452B0002B515 /* Default-568h@2x.png */,
			);
			name = "Supporting Files";
			sourceTree = "<group>";
		};
/* End PBXGroup section */

/* Begin PBXNativeTarget section */
		2C8C4F9D17AD452B0002B515 /* CadEmpresaTableView */ = {
			isa = PBXNativeTarget;
			buildConfigurationList = 2C8C4FC117AD452B0002B515 /* Build configuration list for PBXNativeTarget "CadEmpresaTableView" */;
			buildPhases = (
				2C8C4F9A17AD452B0002B515 /* Sources */,
				2C8C4F9B17AD452B0002B515 /* Frameworks */,
				2C8C4F9C17AD452B0002B515 /* Resources */,
			);
			buildRules = (
			);
			dependencies = (
			);
			name = CadEmpresaTableView;
			productName = CadEmpresaTableView;
			productReference = 2C8C4F9E17AD452B0002B515 /* CadEmpresaTableView.app */;
			productType = "com.apple.product-type.application";
		};
/* End PBXNativeTarget section */

/* Begin PBXProject section */
		2C8C4F9617AD452B0002B515 /* Project object */ = {
			isa = PBXProject;
			attributes = {
				CLASSPREFIX = FF;
				LastUpgradeCheck = 0460;
				ORGANIZATIONNAME = FF;
			};
			buildConfigurationList = 2C8C4F9917AD452B0002B515 /* Build configuration list for PBXProject "CadEmpresaTableView" */;
			compatibilityVersion = "Xcode 3.2";
			developmentRegion = English;
			hasScannedForEncodings = 0;
			knownRegions = (
				en,
			);
			mainGroup = 2C8C4F9517AD452B0002B515;
			productRefGroup = 2C8C4F9F17AD452B0002B515 /* Products */;
			projectDirPath = "";
			projectRoot = "";
			targets = (
				2C8C4F9D17AD452B0002B515 /* CadEmpresaTableView */,
			);
		};
/* End PBXProject section */

/* Begin PBXResourcesBuildPhase section */
		2C8C4F9C17AD452B0002B515 /* Resources */ = {
			isa = PBXResourcesBuildPhase;
			buildActionMask = 2147483647;
			files = (
				2C8C4FAC17AD452B0002B515 /* InfoPlist.strings in Resources */,
				2C8C4FB417AD452B0002B515 /* Default.png in Resources */,
				2C8C4FB617AD452B0002B515 /* Default@2x.png in Resources */,
				2C8C4FB817AD452B0002B515 /* Default-568h@2x.png in Resources */,
				2C8C4FBE17AD452B0002B515 /* FFViewController.xib in Resources */,
				2C8C4FC517AD46EC0002B515 /* Empresas.plist in Resources */,
			);
			runOnlyForDeploymentPostprocessing = 0;
		};
/* End PBXResourcesBuildPhase section */

/* Begin PBXSourcesBuildPhase section */
		2C8C4F9A17AD452B0002B515 /* Sources */ = {
			isa = PBXSourcesBuildPhase;
			buildActionMask = 2147483647;
			files = (
				2C8C4FAE17AD452B0002B515 /* main.m in Sources */,
				2C8C4FB217AD452B0002B515 /* FFAppDelegate.m in Sources */,
				2C8C4FBB17AD452B0002B515 /* FFViewController.m in Sources */,
				2C8C4FC817AD47B80002B515 /* FFEmpresa.m in Sources */,
			);
			runOnlyForDeploymentPostprocessing = 0;
		};
/* End PBXSourcesBuildPhase section */

/* Begin PBXVariantGroup section */
		2C8C4FAA17AD452B0002B515 /* InfoPlist.strings */ = {
			isa = PBXVariantGroup;
			children = (
				2C8C4FAB17AD452B0002B515 /* en */,
			);
			name = InfoPlist.strings;
			sourceTree = "<group>";
		};
		2C8C4FBC17AD452B0002B515 /* FFViewController.xib */ = {
			isa = PBXVariantGroup;
			children = (
				2C8C4FBD17AD452B0002B515 /* en */,
			);
			name = FFViewController.xib;
			sourceTree = "<group>";
		};
/* End PBXVariantGroup section */

/* Begin XCBuildConfiguration section */
		2C8C4FBF17AD452B0002B515 /* Debug */ = {
			isa = XCBuildConfiguration;
			buildSettings = {
				ALWAYS_SEARCH_USER_PATHS = NO;
				CLANG_CXX_LANGUAGE_STANDARD = "gnu++0x";
				CLANG_CXX_LIBRARY = "libc++";
				CLANG_WARN_CONSTANT_CONVERSION = YES;
				CLANG_WARN_EMPTY_BODY = YES;
				CLANG_WARN_ENUM_CONVERSION = YES;
				CLANG_WARN_INT_CONVERSION = YES;
				CLANG_WARN__DUPLICATE_METHOD_MATCH = YES;
				"CODE_SIGN_IDENTITY[sdk=iphoneos*]" = "iPhone Developer";
				COPY_PHASE_STRIP = NO;
				GCC_C_LANGUAGE_STANDARD = gnu99;
				GCC_DYNAMIC_NO_PIC = NO;
				GCC_OPTIMIZATION_LEVEL = 0;
				GCC_PREPROCESSOR_DEFINITIONS = (
					"DEBUG=1",
					"$(inherited)",
				);
				GCC_SYMBOLS_PRIVATE_EXTERN = NO;
				GCC_WARN_ABOUT_RETURN_TYPE = YES;
				GCC_WARN_UNINITIALIZED_AUTOS = YES;
				GCC_WARN_UNUSED_VARIABLE = YES;
				IPHONEOS_DEPLOYMENT_TARGET = 6.1;
				ONLY_ACTIVE_ARCH = YES;
				SDKROOT = iphoneos;
			};
			name = Debug;
		};
		2C8C4FC017AD452B0002B515 /* Release */ = {
			isa = XCBuildConfiguration;
			buildSettings = {
				ALWAYS_SEARCH_USER_PATHS = NO;
				CLANG_CXX_LANGUAGE_STANDARD = "gnu++0x";
				CLANG_CXX_LIBRARY = "libc++";
				CLANG_WARN_CONSTANT_CONVERSION = YES;
				CLANG_WARN_EMPTY_BODY = YES;
				CLANG_WARN_ENUM_CONVERSION = YES;
				CLANG_WARN_INT_CONVERSION = YES;
				CLANG_WARN__DUPLICATE_METHOD_MATCH = YES;
				"CODE_SIGN_IDENTITY[sdk=iphoneos*]" = "iPhone Developer";
				COPY_PHASE_STRIP = YES;
				GCC_C_LANGUAGE_STANDARD = gnu99;
				GCC_WARN_ABOUT_RETURN_TYPE = YES;
				GCC_WARN_UNINITIALIZED_AUTOS = YES;
				GCC_WARN_UNUSED_VARIABLE = YES;
				IPHONEOS_DEPLOYMENT_TARGET = 6.1;
				OTHER_CFLAGS = "-DNS_BLOCK_ASSERTIONS=1";
				SDKROOT = iphoneos;
				VALIDATE_PRODUCT = YES;
			};
			name = Release;
		};
		2C8C4FC217AD452B0002B515 /* Debug */ = {
			isa = XCBuildConfiguration;
			buildSettings = {
				GCC_PRECOMPILE_PREFIX_HEADER = YES;
				GCC_PREFIX_HEADER = "CadEmpresaTableView/CadEmpresaTableView-Prefix.pch";
				INFOPLIST_FILE = "CadEmpresaTableView/CadEmpresaTableView-Info.plist";
				PRODUCT_NAME = "$(TARGET_NAME)";
				WRAPPER_EXTENSION = app;
			};
			name = Debug;
		};
		2C8C4FC317AD452B0002B515 /* Release */ = {
			isa = XCBuildConfiguration;
			buildSettings = {
				GCC_PRECOMPILE_PREFIX_HEADER = YES;
				GCC_PREFIX_HEADER = "CadEmpresaTableView/CadEmpresaTableView-Prefix.pch";
				INFOPLIST_FILE = "CadEmpresaTableView/CadEmpresaTableView-Info.plist";
				PRODUCT_NAME = "$(TARGET_NAME)";
				WRAPPER_EXTENSION = app;
			};
			name = Release;
		};
/* End XCBuildConfiguration section */

/* Begin XCConfigurationList section */
		2C8C4F9917AD452B0002B515 /* Build configuration list for PBXProject "CadEmpresaTableView" */ = {
			isa = XCConfigurationList;
			buildConfigurations = (
				2C8C4FBF17AD452B0002B515 /* Debug */,
				2C8C4FC017AD452B0002B515 /* Release */,
			);
			defaultConfigurationIsVisible = 0;
			defaultConfigurationName = Release;
		};
		2C8C4FC117AD452B0002B515 /* Build configuration list for PBXNativeTarget "CadEmpresaTableView" */ = {
			isa = XCConfigurationList;
			buildConfigurations = (
				2C8C4FC217AD452B0002B515 /* Debug */,
				2C8C4FC317AD452B0002B515 /* Release */,
			);
			defaultConfigurationIsVisible = 0;
		};
/* End XCConfigurationList section */
	};
	rootObject = 2C8C4F9617AD452B0002B515 /* Project object */;
}
